
Microsoft Visual Studio Solution File, Format Version 12.00
# Visual Studio Version 16
VisualStudioVersion = 16.0.31424.327
MinimumVisualStudioVersion = 10.0.40219.1
Project("{FAE04EC0-301F-11D3-BF4B-00C04F79EFBC}") = "SentencePicker", "SentencePicker\SentencePicker.csproj", "{2ACB9F8D-23BB-4632-B927-AA1D3965D409}"
EndProject
Project("{FAE04EC0-301F-11D3-BF4B-00C04F79EFBC}") = "AWTGen2.BE.NativeHost", "AWTGen2.BE.NativeHost\AWTGen2.BE.NativeHost.csproj", "{F668CF52-5528-4DEA-8556-5EF5A6147C88}"
EndProject
Project("{FAE04EC0-301F-11D3-BF4B-00C04F79EFBC}") = "AWTGen2.BE.Core", "AWTGen2.BE.Core\AWTGen2.BE.Core.csproj", "{2E75F3B4-0732-4449-AC85-0C4739BB94DF}"
EndProject
Project("{FAE04EC0-301F-11D3-BF4B-00C04F79EFBC}") = "AWTGen2.Core", "AWTGen2.Core\AWTGen2.Core.csproj", "{3AFD4DE4-D031-49C6-9ED1-921B960F086E}"
EndProject
Project("{FAE04EC0-301F-11D3-BF4B-00C04F79EFBC}") = "AWTGen2.Settings", "AWTGen2.Settings\AWTGen2.Settings.csproj", "{A6B7CF88-DA43-4DD4-93BE-90AC388F021E}"
EndProject
Project("{FAE04EC0-301F-11D3-BF4B-00C04F79EFBC}") = "AWTGen2.BE.Connector", "AWTGen2.BE.Connector\AWTGen2.BE.Connector.csproj", "{74E08BAD-41C7-4459-B0A0-31A800DFCE81}"
EndProject
Project("{FAE04EC0-301F-11D3-BF4B-00C04F79EFBC}") = "AWTGen2.BE.Connector.Extensions", "AWTGen2.BE.Connector.Extensions\AWTGen2.BE.Connector.Extensions.csproj", "{BBE45084-3CEF-46E4-86DA-B7C66FCE537E}"
EndProject
Project("{FAE04EC0-301F-11D3-BF4B-00C04F79EFBC}") = "AWTGen2.BE.Command", "AWTGen2.BE.Command\AWTGen2.BE.Command.csproj", "{8F2B6F3E-A9BD-4D94-8DE9-3F42ABDA0B43}"
EndProject
Global
	GlobalSection(SolutionConfigurationPlatforms) = preSolution
		Debug|Any CPU = Debug|Any CPU
		Debug|x64 = Debug|x64
		Debug|x86 = Debug|x86
		Release|Any CPU = Release|Any CPU
		Release|x64 = Release|x64
		Release|x86 = Release|x86
	EndGlobalSection
	GlobalSection(ProjectConfigurationPlatforms) = postSolution
		{2ACB9F8D-23BB-4632-B927-AA1D3965D409}.Debug|Any CPU.ActiveCfg = Debug|Any CPU
		{2ACB9F8D-23BB-4632-B927-AA1D3965D409}.Debug|Any CPU.Build.0 = Debug|Any CPU
		{2ACB9F8D-23BB-4632-B927-AA1D3965D409}.Debug|x64.ActiveCfg = Debug|Any CPU
		{2ACB9F8D-23BB-4632-B927-AA1D3965D409}.Debug|x64.Build.0 = Debug|Any CPU
		{2ACB9F8D-23BB-4632-B927-AA1D3965D409}.Debug|x86.ActiveCfg = Debug|Any CPU
		{2ACB9F8D-23BB-4632-B927-AA1D3965D409}.Debug|x86.Build.0 = Debug|Any CPU
		{2ACB9F8D-23BB-4632-B927-AA1D3965D409}.Release|Any CPU.ActiveCfg = Release|Any CPU
		{2ACB9F8D-23BB-4632-B927-AA1D3965D409}.Release|Any CPU.Build.0 = Release|Any CPU
		{2ACB9F8D-23BB-4632-B927-AA1D3965D409}.Release|x64.ActiveCfg = Release|Any CPU
		{2ACB9F8D-23BB-4632-B927-AA1D3965D409}.Release|x64.Build.0 = Release|Any CPU
		{2ACB9F8D-23BB-4632-B927-AA1D3965D409}.Release|x86.ActiveCfg = Release|Any CPU
		{2ACB9F8D-23BB-4632-B927-AA1D3965D409}.Release|x86.Build.0 = Release|Any CPU
		{F668CF52-5528-4DEA-8556-5EF5A6147C88}.Debug|Any CPU.ActiveCfg = Debug|Any CPU
		{F668CF52-5528-4DEA-8556-5EF5A6147C88}.Debug|Any CPU.Build.0 = Debug|Any CPU
		{F668CF52-5528-4DEA-8556-5EF5A6147C88}.Debug|x64.ActiveCfg = Debug|Any CPU
		{F668CF52-5528-4DEA-8556-5EF5A6147C88}.Debug|x64.Build.0 = Debug|Any CPU
		{F668CF52-5528-4DEA-8556-5EF5A6147C88}.Debug|x86.ActiveCfg = Debug|Any CPU
		{F668CF52-5528-4DEA-8556-5EF5A6147C88}.Debug|x86.Build.0 = Debug|Any CPU
		{F668CF52-5528-4DEA-8556-5EF5A6147C88}.Release|Any CPU.ActiveCfg = Release|Any CPU
		{F668CF52-5528-4DEA-8556-5EF5A6147C88}.Release|Any CPU.Build.0 = Release|Any CPU
		{F668CF52-5528-4DEA-8556-5EF5A6147C88}.Release|x64.ActiveCfg = Release|Any CPU
		{F668CF52-5528-4DEA-8556-5EF5A6147C88}.Release|x64.Build.0 = Release|Any CPU
		{F668CF52-5528-4DEA-8556-5EF5A6147C88}.Release|x86.ActiveCfg = Release|Any CPU
		{F668CF52-5528-4DEA-8556-5EF5A6147C88}.Release|x86.Build.0 = Release|Any CPU
		{2E75F3B4-0732-4449-AC85-0C4739BB94DF}.Debug|Any CPU.ActiveCfg = Debug|Any CPU
		{2E75F3B4-0732-4449-AC85-0C4739BB94DF}.Debug|Any CPU.Build.0 = Debug|Any CPU
		{2E75F3B4-0732-4449-AC85-0C4739BB94DF}.Debug|x64.ActiveCfg = Debug|Any CPU
		{2E75F3B4-0732-4449-AC85-0C4739BB94DF}.Debug|x64.Build.0 = Debug|Any CPU
		{2E75F3B4-0732-4449-AC85-0C4739BB94DF}.Debug|x86.ActiveCfg = Debug|Any CPU
		{2E75F3B4-0732-4449-AC85-0C4739BB94DF}.Debug|x86.Build.0 = Debug|Any CPU
		{2E75F3B4-0732-4449-AC85-0C4739BB94DF}.Release|Any CPU.ActiveCfg = Release|Any CPU
		{2E75F3B4-0732-4449-AC85-0C4739BB94DF}.Release|Any CPU.Build.0 = Release|Any CPU
		{2E75F3B4-0732-4449-AC85-0C4739BB94DF}.Release|x64.ActiveCfg = Release|Any CPU
		{2E75F3B4-0732-4449-AC85-0C4739BB94DF}.Release|x64.Build.0 = Release|Any CPU
		{2E75F3B4-0732-4449-AC85-0C4739BB94DF}.Release|x86.ActiveCfg = Release|Any CPU
		{2E75F3B4-0732-4449-AC85-0C4739BB94DF}.Release|x86.Build.0 = Release|Any CPU
		{3AFD4DE4-D031-49C6-9ED1-921B960F086E}.Debug|Any CPU.ActiveCfg = Debug|Any CPU
		{3AFD4DE4-D031-49C6-9ED1-921B960F086E}.Debug|Any CPU.Build.0 = Debug|Any CPU
		{3AFD4DE4-D031-49C6-9ED1-921B960F086E}.Debug|x64.ActiveCfg = Debug|Any CPU
		{3AFD4DE4-D031-49C6-9ED1-921B960F086E}.Debug|x64.Build.0 = Debug|Any CPU
		{3AFD4DE4-D031-49C6-9ED1-921B960F086E}.Debug|x86.ActiveCfg = Debug|Any CPU
		{3AFD4DE4-D031-49C6-9ED1-921B960F086E}.Debug|x86.Build.0 = Debug|Any CPU
		{3AFD4DE4-D031-49C6-9ED1-921B960F086E}.Release|Any CPU.ActiveCfg = Release|Any CPU
		{3AFD4DE4-D031-49C6-9ED1-921B960F086E}.Release|Any CPU.Build.0 = Release|Any CPU
		{3AFD4DE4-D031-49C6-9ED1-921B960F086E}.Release|x64.ActiveCfg = Release|Any CPU
		{3AFD4DE4-D031-49C6-9ED1-921B960F086E}.Release|x64.Build.0 = Release|Any CPU
		{3AFD4DE4-D031-49C6-9ED1-921B960F086E}.Release|x86.ActiveCfg = Release|Any CPU
		{3AFD4DE4-D031-49C6-9ED1-921B960F086E}.Release|x86.Build.0 = Release|Any CPU
		{A6B7CF88-DA43-4DD4-93BE-90AC388F021E}.Debug|Any CPU.ActiveCfg = Debug|Any CPU
		{A6B7CF88-DA43-4DD4-93BE-90AC388F021E}.Debug|Any CPU.Build.0 = Debug|Any CPU
		{A6B7CF88-DA43-4DD4-93BE-90AC388F021E}.Debug|x64.ActiveCfg = Debug|Any CPU
		{A6B7CF88-DA43-4DD4-93BE-90AC388F021E}.Debug|x64.Build.0 = Debug|Any CPU
		{A6B7CF88-DA43-4DD4-93BE-90AC388F021E}.Debug|x86.ActiveCfg = Debug|Any CPU
		{A6B7CF88-DA43-4DD4-93BE-90AC388F021E}.Debug|x86.Build.0 = Debug|Any CPU
		{A6B7CF88-DA43-4DD4-93BE-90AC388F021E}.Release|Any CPU.ActiveCfg = Release|Any CPU
		{A6B7CF88-DA43-4DD4-93BE-90AC388F021E}.Release|Any CPU.Build.0 = Release|Any CPU
		{A6B7CF88-DA43-4DD4-93BE-90AC388F021E}.Release|x64.ActiveCfg = Release|Any CPU
		{A6B7CF88-DA43-4DD4-93BE-90AC388F021E}.Release|x64.Build.0 = Release|Any CPU
		{A6B7CF88-DA43-4DD4-93BE-90AC388F021E}.Release|x86.ActiveCfg = Release|Any CPU
		{A6B7CF88-DA43-4DD4-93BE-90AC388F021E}.Release|x86.Build.0 = Release|Any CPU
		{74E08BAD-41C7-4459-B0A0-31A800DFCE81}.Debug|Any CPU.ActiveCfg = Debug|Any CPU
		{74E08BAD-41C7-4459-B0A0-31A800DFCE81}.Debug|Any CPU.Build.0 = Debug|Any CPU
		{74E08BAD-41C7-4459-B0A0-31A800DFCE81}.Debug|x64.ActiveCfg = Debug|Any CPU
		{74E08BAD-41C7-4459-B0A0-31A800DFCE81}.Debug|x64.Build.0 = Debug|Any CPU
		{74E08BAD-41C7-4459-B0A0-31A800DFCE81}.Debug|x86.ActiveCfg = Debug|Any CPU
		{74E08BAD-41C7-4459-B0A0-31A800DFCE81}.Debug|x86.Build.0 = Debug|Any CPU
		{74E08BAD-41C7-4459-B0A0-31A800DFCE81}.Release|Any CPU.ActiveCfg = Release|Any CPU
		{74E08BAD-41C7-4459-B0A0-31A800DFCE81}.Release|Any CPU.Build.0 = Release|Any CPU
		{74E08BAD-41C7-4459-B0A0-31A800DFCE81}.Release|x64.ActiveCfg = Release|Any CPU
		{74E08BAD-41C7-4459-B0A0-31A800DFCE81}.Release|x64.Build.0 = Release|Any CPU
		{74E08BAD-41C7-4459-B0A0-31A800DFCE81}.Release|x86.ActiveCfg = Release|Any CPU
		{74E08BAD-41C7-4459-B0A0-31A800DFCE81}.Release|x86.Build.0 = Release|Any CPU
		{BBE45084-3CEF-46E4-86DA-B7C66FCE537E}.Debug|Any CPU.ActiveCfg = Debug|Any CPU
		{BBE45084-3CEF-46E4-86DA-B7C66FCE537E}.Debug|Any CPU.Build.0 = Debug|Any CPU
		{BBE45084-3CEF-46E4-86DA-B7C66FCE537E}.Debug|x64.ActiveCfg = Debug|Any CPU
		{BBE45084-3CEF-46E4-86DA-B7C66FCE537E}.Debug|x64.Build.0 = Debug|Any CPU
		{BBE45084-3CEF-46E4-86DA-B7C66FCE537E}.Debug|x86.ActiveCfg = Debug|Any CPU
		{BBE45084-3CEF-46E4-86DA-B7C66FCE537E}.Debug|x86.Build.0 = Debug|Any CPU
		{BBE45084-3CEF-46E4-86DA-B7C66FCE537E}.Release|Any CPU.ActiveCfg = Release|Any CPU
		{BBE45084-3CEF-46E4-86DA-B7C66FCE537E}.Release|Any CPU.Build.0 = Release|Any CPU
		{BBE45084-3CEF-46E4-86DA-B7C66FCE537E}.Release|x64.ActiveCfg = Release|Any CPU
		{BBE45084-3CEF-46E4-86DA-B7C66FCE537E}.Release|x64.Build.0 = Release|Any CPU
		{BBE45084-3CEF-46E4-86DA-B7C66FCE537E}.Release|x86.ActiveCfg = Release|Any CPU
		{BBE45084-3CEF-46E4-86DA-B7C66FCE537E}.Release|x86.Build.0 = Release|Any CPU
		{8F2B6F3E-A9BD-4D94-8DE9-3F42ABDA0B43}.Debug|Any CPU.ActiveCfg = Debug|Any CPU
		{8F2B6F3E-A9BD-4D94-8DE9-3F42ABDA0B43}.Debug|Any CPU.Build.0 = Debug|Any CPU
		{8F2B6F3E-A9BD-4D94-8DE9-3F42ABDA0B43}.Debug|x64.ActiveCfg = Debug|x64
		{8F2B6F3E-A9BD-4D94-8DE9-3F42ABDA0B43}.Debug|x64.Build.0 = Debug|x64
		{8F2B6F3E-A9BD-4D94-8DE9-3F42ABDA0B43}.Debug|x86.ActiveCfg = Debug|x86
		{8F2B6F3E-A9BD-4D94-8DE9-3F42ABDA0B43}.Debug|x86.Build.0 = Debug|x86
		{8F2B6F3E-A9BD-4D94-8DE9-3F42ABDA0B43}.Release|Any CPU.ActiveCfg = Release|Any CPU
		{8F2B6F3E-A9BD-4D94-8DE9-3F42ABDA0B43}.Release|Any CPU.Build.0 = Release|Any CPU
		{8F2B6F3E-A9BD-4D94-8DE9-3F42ABDA0B43}.Release|x64.ActiveCfg = Release|x64
		{8F2B6F3E-A9BD-4D94-8DE9-3F42ABDA0B43}.Release|x64.Build.0 = Release|x64
		{8F2B6F3E-A9BD-4D94-8DE9-3F42ABDA0B43}.Release|x86.ActiveCfg = Release|x86
		{8F2B6F3E-A9BD-4D94-8DE9-3F42ABDA0B43}.Release|x86.Build.0 = Release|x86
	EndGlobalSection
	GlobalSection(SolutionProperties) = preSolution
		HideSolutionNode = FALSE
	EndGlobalSection
	GlobalSection(ExtensibilityGlobals) = postSolution
		SolutionGuid = {F4B65525-4190-4512-9275-492B0B2B0DB0}
	EndGlobalSection
EndGlobal
